
Microsoft Visual Studio Solution File, Format Version 12.00
# Visual Studio Version 17
VisualStudioVersion = 17.14.36518.9 d17.14
MinimumVisualStudioVersion = 10.0.40219.1
Project("{8BC9CEB8-8B4A-11D0-8D11-00A0C91BC942}") = "Sortings", "Sortings\Sortings.vcxproj", "{1BF60B6C-64E7-AC63-5EF0-ECB6507C7753}"
EndProject
Global
	GlobalSection(SolutionConfigurationPlatforms) = preSolution
		Debug|x64 = Debug|x64
		Release|x64 = Release|x64
	EndGlobalSection
	GlobalSection(ProjectConfigurationPlatforms) = postSolution
		{1BF60B6C-64E7-AC63-5EF0-ECB6507C7753}.Debug|x64.ActiveCfg = Debug|x64
		{1BF60B6C-64E7-AC63-5EF0-ECB6507C7753}.Debug|x64.Build.0 = Debug|x64
		{1BF60B6C-64E7-AC63-5EF0-ECB6507C7753}.Release|x64.ActiveCfg = Release|x64
		{1BF60B6C-64E7-AC63-5EF0-ECB6507C7753}.Release|x64.Build.0 = Release|x64
	EndGlobalSection
	GlobalSection(SolutionProperties) = preSolution
		HideSolutionNode = FALSE
	EndGlobalSection
	GlobalSection(ExtensibilityGlobals) = postSolution
		SolutionGuid = {67852008-354B-46E9-B4CE-734D96577538}
	EndGlobalSection
EndGlobal
